
Microsoft Visual Studio Solution File, Format Version 12.00
# Visual Studio Version 17
VisualStudioVersion = 17.3.32811.315
MinimumVisualStudioVersion = 10.0.40219.1
Project("{9A19103F-16F7-4668-BE54-9A1E7A4F7556}") = "Everywhere", "src\Everywhere\Everywhere.csproj", "{EBFA8512-1EA5-4D8C-B4AC-AB5B48A6D568}"
EndProject
Project("{9A19103F-16F7-4668-BE54-9A1E7A4F7556}") = "Everywhere.Windows", "src\Everywhere.Windows\Everywhere.Windows.csproj", "{ABC31E74-02FF-46EB-B3B2-4E6AE43B456C}"
EndProject
Project("{2150E333-8FDC-42A3-9474-1A3956D46DE8}") = "Solution Items", "Solution Items", "{3DA99C4E-89E3-4049-9C22-0A7EC60D83D8}"
	ProjectSection(SolutionItems) = preProject
		.editorconfig = .editorconfig
		.gitattributes = .gitattributes
		.gitignore = .gitignore
		.gitmodules = .gitmodules
		CONTRIBUTING.md = CONTRIBUTING.md
		Directory.Build.props = Directory.Build.props
		Directory.Packages.props = Directory.Packages.props
		README-zh-cn.md = README-zh-cn.md
		README.md = README.md
		Settings.XamlStyler = Settings.XamlStyler
		ThirdPartyNotices.txt = ThirdPartyNotices.txt
		CHANGELOG.md = CHANGELOG.md
		DATA_AND_PRIVACY.md = DATA_AND_PRIVACY.md
		global.json = global.json
		nuget.config = nuget.config
	EndProjectSection
EndProject
Project("{2150E333-8FDC-42A3-9474-1A3956D46DE8}") = "3rd", "3rd", "{53D93485-1520-4753-81CE-DA1CFF334372}"
	ProjectSection(SolutionItems) = preProject
		.editorconfig = .editorconfig
	EndProjectSection
EndProject
Project("{FAE04EC0-301F-11D3-BF4B-00C04F79EFBC}") = "Everywhere.I18N.SourceGenerator", "src\Everywhere.I18N.SourceGenerator\Everywhere.I18N.SourceGenerator.csproj", "{A68C1BEB-0FC2-4A47-BFEB-E96BB14A9913}"
EndProject
Project("{FAE04EC0-301F-11D3-BF4B-00C04F79EFBC}") = "WritableJsonConfiguration", "3rd\WritableJsonConfiguration\src\WritableJsonConfiguration\WritableJsonConfiguration.csproj", "{85AE2A7B-E780-4741-9BE5-FB22F37D7E21}"
EndProject
Project("{FAE04EC0-301F-11D3-BF4B-00C04F79EFBC}") = "ShadUI", "3rd\shad-ui\src\ShadUI\ShadUI.csproj", "{BCD7009B-3ACA-4FD4-8C64-70DCD2E39D4F}"
EndProject
Project("{2150E333-8FDC-42A3-9474-1A3956D46DE8}") = "tests", "tests", "{9933B251-881A-4638-8995-EB7CC5370002}"
EndProject
Project("{FAE04EC0-301F-11D3-BF4B-00C04F79EFBC}") = "Everywhere.Tests", "tests\Everywhere.Tests\Everywhere.Tests.csproj", "{0E6C8529-D309-43F3-90BC-619EF9E6B1F1}"
EndProject
Project("{2150E333-8FDC-42A3-9474-1A3956D46DE8}") = "MessagePack", "MessagePack", "{5BB51AE6-908C-4D20-BB3A-4815E9BC5D19}"
EndProject
Project("{FAE04EC0-301F-11D3-BF4B-00C04F79EFBC}") = "MessagePack", "3rd\MessagePack-CSharp\src\MessagePack\MessagePack.csproj", "{89C9BF70-D4AB-449F-8FB1-D2B5E17C25F0}"
EndProject
Project("{FAE04EC0-301F-11D3-BF4B-00C04F79EFBC}") = "MessagePack.Analyzers", "3rd\MessagePack-CSharp\src\MessagePack.Analyzers\MessagePack.Analyzers.csproj", "{FE57E32C-1B3A-4303-A236-E7C49D11C0F1}"
EndProject
Project("{FAE04EC0-301F-11D3-BF4B-00C04F79EFBC}") = "MessagePack.Annotations", "3rd\MessagePack-CSharp\src\MessagePack.Annotations\MessagePack.Annotations.csproj", "{FDC6E8E4-1B6C-461F-A22B-4C4140BB0B51}"
EndProject
Project("{FAE04EC0-301F-11D3-BF4B-00C04F79EFBC}") = "MessagePack.Analyzers.CodeFixes", "3rd\MessagePack-CSharp\src\MessagePack.Analyzers.CodeFixes\MessagePack.Analyzers.CodeFixes.csproj", "{05A31A6F-3B54-4557-B7E1-88EDD2CAB76E}"
EndProject
Project("{FAE04EC0-301F-11D3-BF4B-00C04F79EFBC}") = "MessagePack.SourceGenerator", "3rd\MessagePack-CSharp\src\MessagePack.SourceGenerator\MessagePack.SourceGenerator.csproj", "{A6322E31-87FA-4B4A-B51A-6E4565DEF08F}"
EndProject
Project("{FAE04EC0-301F-11D3-BF4B-00C04F79EFBC}") = "LiveMarkdown.Avalonia", "3rd\LiveMarkdown.Avalonia\src\LiveMarkdown.Avalonia\LiveMarkdown.Avalonia.csproj", "{CF44F63A-B985-4140-A8CE-C79FB41DEE80}"
EndProject
Project("{2150E333-8FDC-42A3-9474-1A3956D46DE8}") = ".github", ".github", "{02EA681E-C7D8-13C7-8484-4AC65E1B71E8}"
	ProjectSection(SolutionItems) = preProject
		.github\FUNDING.yml = .github\FUNDING.yml
	EndProjectSection
EndProject
Project("{2150E333-8FDC-42A3-9474-1A3956D46DE8}") = "workflows", "workflows", "{2F651C37-C3A7-41FF-8A36-0A7DB0DED09D}"
	ProjectSection(SolutionItems) = preProject
		.github\workflows\release.yml = .github\workflows\release.yml
	EndProjectSection
EndProject
Project("{2150E333-8FDC-42A3-9474-1A3956D46DE8}") = "tools", "tools", "{30A74410-E803-4C56-BE95-C8E1BE690C7A}"
	ProjectSection(SolutionItems) = preProject
		tools\build_vcproj.ps1 = tools\build_vcproj.ps1
		tools\installer.iss = tools\installer.iss
	EndProjectSection
EndProject
Project("{FAE04EC0-301F-11D3-BF4B-00C04F79EFBC}") = "Everywhere.Watchdog", "src\Everywhere.Watchdog\Everywhere.Watchdog.csproj", "{2BACDFDD-0944-41E3-94C2-6B7B6626C845}"
EndProject
Project("{FAE04EC0-301F-11D3-BF4B-00C04F79EFBC}") = "Everywhere.Abstractions", "src\Everywhere.Abstractions\Everywhere.Abstractions.csproj", "{EF3FC306-C1CC-4E26-B49D-9E0E1FB9891E}"
EndProject
Project("{FAE04EC0-301F-11D3-BF4B-00C04F79EFBC}") = "WritableJsonConfiguration.Tests", "3rd\WritableJsonConfiguration\WritableJsonConfiguration.Tests\WritableJsonConfiguration.Tests.csproj", "{6B85590F-763A-472E-84B9-091D6F68D28D}"
EndProject
Project("{FAE04EC0-301F-11D3-BF4B-00C04F79EFBC}") = "ShadUI.Demo", "3rd\shad-ui\src\ShadUI.Demo\ShadUI.Demo.csproj", "{BFCCE248-E8A1-4690-A4A0-B42DB06B7B88}"
EndProject
Project("{2150E333-8FDC-42A3-9474-1A3956D46DE8}") = "issue_templates", "issue_templates", "{5FCC5684-9471-46B6-9FE2-431880831A05}"
	ProjectSection(SolutionItems) = preProject
		.github\ISSUE_TEMPLATE\bug-report.yml = .github\ISSUE_TEMPLATE\bug-report.yml
		.github\ISSUE_TEMPLATE\bug-report-zh.yml = .github\ISSUE_TEMPLATE\bug-report-zh.yml
		.github\ISSUE_TEMPLATE\feature-request.yml = .github\ISSUE_TEMPLATE\feature-request.yml
		.github\ISSUE_TEMPLATE\feature-request-zh.yml = .github\ISSUE_TEMPLATE\feature-request-zh.yml
	EndProjectSection
EndProject
Project("{FAE04EC0-301F-11D3-BF4B-00C04F79EFBC}") = "EverythingNet", "3rd\EverythingNetCore\EverythingNet\EverythingNet.csproj", "{41784BA1-16E0-4BB8-BC99-0C5AA4F1DEEA}"
EndProject
Project("{FAE04EC0-301F-11D3-BF4B-00C04F79EFBC}") = "LiveMarkdown.Avalonia.Demo", "3rd\LiveMarkdown.Avalonia\src\LiveMarkdown.Avalonia.Demo\LiveMarkdown.Avalonia.Demo.csproj", "{9CEE90E0-359F-49B4-AD3C-AB3D698D4CB0}"
EndProject
Global
	GlobalSection(SolutionConfigurationPlatforms) = preSolution
		Debug|Any CPU = Debug|Any CPU
		Debug|ARM64 = Debug|ARM64
		Debug|x64 = Debug|x64
		Debug|x86 = Debug|x86
		Release|Any CPU = Release|Any CPU
		Release|ARM64 = Release|ARM64
		Release|x64 = Release|x64
		Release|x86 = Release|x86
	EndGlobalSection
	GlobalSection(ProjectConfigurationPlatforms) = postSolution
		{EBFA8512-1EA5-4D8C-B4AC-AB5B48A6D568}.Debug|Any CPU.ActiveCfg = Debug|Any CPU
		{EBFA8512-1EA5-4D8C-B4AC-AB5B48A6D568}.Debug|Any CPU.Build.0 = Debug|Any CPU
		{EBFA8512-1EA5-4D8C-B4AC-AB5B48A6D568}.Debug|ARM64.ActiveCfg = Debug|Any CPU
		{EBFA8512-1EA5-4D8C-B4AC-AB5B48A6D568}.Debug|ARM64.Build.0 = Debug|Any CPU
		{EBFA8512-1EA5-4D8C-B4AC-AB5B48A6D568}.Debug|x64.ActiveCfg = Debug|Any CPU
		{EBFA8512-1EA5-4D8C-B4AC-AB5B48A6D568}.Debug|x64.Build.0 = Debug|Any CPU
		{EBFA8512-1EA5-4D8C-B4AC-AB5B48A6D568}.Debug|x86.ActiveCfg = Debug|Any CPU
		{EBFA8512-1EA5-4D8C-B4AC-AB5B48A6D568}.Debug|x86.Build.0 = Debug|Any CPU
		{EBFA8512-1EA5-4D8C-B4AC-AB5B48A6D568}.Release|Any CPU.ActiveCfg = Release|Any CPU
		{EBFA8512-1EA5-4D8C-B4AC-AB5B48A6D568}.Release|Any CPU.Build.0 = Release|Any CPU
		{EBFA8512-1EA5-4D8C-B4AC-AB5B48A6D568}.Release|ARM64.ActiveCfg = Release|Any CPU
		{EBFA8512-1EA5-4D8C-B4AC-AB5B48A6D568}.Release|ARM64.Build.0 = Release|Any CPU
		{EBFA8512-1EA5-4D8C-B4AC-AB5B48A6D568}.Release|x64.ActiveCfg = Release|Any CPU
		{EBFA8512-1EA5-4D8C-B4AC-AB5B48A6D568}.Release|x64.Build.0 = Release|Any CPU
		{EBFA8512-1EA5-4D8C-B4AC-AB5B48A6D568}.Release|x86.ActiveCfg = Release|Any CPU
		{EBFA8512-1EA5-4D8C-B4AC-AB5B48A6D568}.Release|x86.Build.0 = Release|Any CPU
		{ABC31E74-02FF-46EB-B3B2-4E6AE43B456C}.Debug|Any CPU.ActiveCfg = Debug|Any CPU
		{ABC31E74-02FF-46EB-B3B2-4E6AE43B456C}.Debug|Any CPU.Build.0 = Debug|Any CPU
		{ABC31E74-02FF-46EB-B3B2-4E6AE43B456C}.Debug|ARM64.ActiveCfg = Debug|Any CPU
		{ABC31E74-02FF-46EB-B3B2-4E6AE43B456C}.Debug|ARM64.Build.0 = Debug|Any CPU
		{ABC31E74-02FF-46EB-B3B2-4E6AE43B456C}.Debug|x64.ActiveCfg = Debug|Any CPU
		{ABC31E74-02FF-46EB-B3B2-4E6AE43B456C}.Debug|x64.Build.0 = Debug|Any CPU
		{ABC31E74-02FF-46EB-B3B2-4E6AE43B456C}.Debug|x86.ActiveCfg = Debug|Any CPU
		{ABC31E74-02FF-46EB-B3B2-4E6AE43B456C}.Debug|x86.Build.0 = Debug|Any CPU
		{ABC31E74-02FF-46EB-B3B2-4E6AE43B456C}.Release|Any CPU.ActiveCfg = Release|Any CPU
		{ABC31E74-02FF-46EB-B3B2-4E6AE43B456C}.Release|Any CPU.Build.0 = Release|Any CPU
		{ABC31E74-02FF-46EB-B3B2-4E6AE43B456C}.Release|ARM64.ActiveCfg = Release|Any CPU
		{ABC31E74-02FF-46EB-B3B2-4E6AE43B456C}.Release|ARM64.Build.0 = Release|Any CPU
		{ABC31E74-02FF-46EB-B3B2-4E6AE43B456C}.Release|x64.ActiveCfg = Release|Any CPU
		{ABC31E74-02FF-46EB-B3B2-4E6AE43B456C}.Release|x64.Build.0 = Release|Any CPU
		{ABC31E74-02FF-46EB-B3B2-4E6AE43B456C}.Release|x86.ActiveCfg = Release|Any CPU
		{ABC31E74-02FF-46EB-B3B2-4E6AE43B456C}.Release|x86.Build.0 = Release|Any CPU
		{A68C1BEB-0FC2-4A47-BFEB-E96BB14A9913}.Debug|Any CPU.ActiveCfg = Debug|Any CPU
		{A68C1BEB-0FC2-4A47-BFEB-E96BB14A9913}.Debug|Any CPU.Build.0 = Debug|Any CPU
		{A68C1BEB-0FC2-4A47-BFEB-E96BB14A9913}.Debug|ARM64.ActiveCfg = Debug|Any CPU
		{A68C1BEB-0FC2-4A47-BFEB-E96BB14A9913}.Debug|ARM64.Build.0 = Debug|Any CPU
		{A68C1BEB-0FC2-4A47-BFEB-E96BB14A9913}.Debug|x64.ActiveCfg = Debug|Any CPU
		{A68C1BEB-0FC2-4A47-BFEB-E96BB14A9913}.Debug|x64.Build.0 = Debug|Any CPU
		{A68C1BEB-0FC2-4A47-BFEB-E96BB14A9913}.Debug|x86.ActiveCfg = Debug|Any CPU
		{A68C1BEB-0FC2-4A47-BFEB-E96BB14A9913}.Debug|x86.Build.0 = Debug|Any CPU
		{A68C1BEB-0FC2-4A47-BFEB-E96BB14A9913}.Release|Any CPU.ActiveCfg = Release|Any CPU
		{A68C1BEB-0FC2-4A47-BFEB-E96BB14A9913}.Release|Any CPU.Build.0 = Release|Any CPU
		{A68C1BEB-0FC2-4A47-BFEB-E96BB14A9913}.Release|ARM64.ActiveCfg = Release|Any CPU
		{A68C1BEB-0FC2-4A47-BFEB-E96BB14A9913}.Release|ARM64.Build.0 = Release|Any CPU
		{A68C1BEB-0FC2-4A47-BFEB-E96BB14A9913}.Release|x64.ActiveCfg = Release|Any CPU
		{A68C1BEB-0FC2-4A47-BFEB-E96BB14A9913}.Release|x64.Build.0 = Release|Any CPU
		{A68C1BEB-0FC2-4A47-BFEB-E96BB14A9913}.Release|x86.ActiveCfg = Release|Any CPU
		{A68C1BEB-0FC2-4A47-BFEB-E96BB14A9913}.Release|x86.Build.0 = Release|Any CPU
		{85AE2A7B-E780-4741-9BE5-FB22F37D7E21}.Debug|Any CPU.ActiveCfg = Debug|Any CPU
		{85AE2A7B-E780-4741-9BE5-FB22F37D7E21}.Debug|Any CPU.Build.0 = Debug|Any CPU
		{85AE2A7B-E780-4741-9BE5-FB22F37D7E21}.Debug|ARM64.ActiveCfg = Debug|Any CPU
		{85AE2A7B-E780-4741-9BE5-FB22F37D7E21}.Debug|ARM64.Build.0 = Debug|Any CPU
		{85AE2A7B-E780-4741-9BE5-FB22F37D7E21}.Debug|x64.ActiveCfg = Debug|Any CPU
		{85AE2A7B-E780-4741-9BE5-FB22F37D7E21}.Debug|x64.Build.0 = Debug|Any CPU
		{85AE2A7B-E780-4741-9BE5-FB22F37D7E21}.Debug|x86.ActiveCfg = Debug|Any CPU
		{85AE2A7B-E780-4741-9BE5-FB22F37D7E21}.Debug|x86.Build.0 = Debug|Any CPU
		{85AE2A7B-E780-4741-9BE5-FB22F37D7E21}.Release|Any CPU.ActiveCfg = Release|Any CPU
		{85AE2A7B-E780-4741-9BE5-FB22F37D7E21}.Release|Any CPU.Build.0 = Release|Any CPU
		{85AE2A7B-E780-4741-9BE5-FB22F37D7E21}.Release|ARM64.ActiveCfg = Release|Any CPU
		{85AE2A7B-E780-4741-9BE5-FB22F37D7E21}.Release|ARM64.Build.0 = Release|Any CPU
		{85AE2A7B-E780-4741-9BE5-FB22F37D7E21}.Release|x64.ActiveCfg = Release|Any CPU
		{85AE2A7B-E780-4741-9BE5-FB22F37D7E21}.Release|x64.Build.0 = Release|Any CPU
		{85AE2A7B-E780-4741-9BE5-FB22F37D7E21}.Release|x86.ActiveCfg = Release|Any CPU
		{85AE2A7B-E780-4741-9BE5-FB22F37D7E21}.Release|x86.Build.0 = Release|Any CPU
		{BCD7009B-3ACA-4FD4-8C64-70DCD2E39D4F}.Debug|Any CPU.ActiveCfg = Debug|Any CPU
		{BCD7009B-3ACA-4FD4-8C64-70DCD2E39D4F}.Debug|Any CPU.Build.0 = Debug|Any CPU
		{BCD7009B-3ACA-4FD4-8C64-70DCD2E39D4F}.Debug|ARM64.ActiveCfg = Debug|Any CPU
		{BCD7009B-3ACA-4FD4-8C64-70DCD2E39D4F}.Debug|ARM64.Build.0 = Debug|Any CPU
		{BCD7009B-3ACA-4FD4-8C64-70DCD2E39D4F}.Debug|x86.ActiveCfg = Debug|Any CPU
		{BCD7009B-3ACA-4FD4-8C64-70DCD2E39D4F}.Debug|x86.Build.0 = Debug|Any CPU
		{BCD7009B-3ACA-4FD4-8C64-70DCD2E39D4F}.Release|Any CPU.ActiveCfg = Release|Any CPU
		{BCD7009B-3ACA-4FD4-8C64-70DCD2E39D4F}.Release|Any CPU.Build.0 = Release|Any CPU
		{BCD7009B-3ACA-4FD4-8C64-70DCD2E39D4F}.Release|ARM64.ActiveCfg = Release|Any CPU
		{BCD7009B-3ACA-4FD4-8C64-70DCD2E39D4F}.Release|ARM64.Build.0 = Release|Any CPU
		{BCD7009B-3ACA-4FD4-8C64-70DCD2E39D4F}.Release|x86.ActiveCfg = Release|Any CPU
		{BCD7009B-3ACA-4FD4-8C64-70DCD2E39D4F}.Release|x86.Build.0 = Release|Any CPU
		{0E6C8529-D309-43F3-90BC-619EF9E6B1F1}.Debug|Any CPU.ActiveCfg = Debug|Any CPU
		{0E6C8529-D309-43F3-90BC-619EF9E6B1F1}.Debug|Any CPU.Build.0 = Debug|Any CPU
		{0E6C8529-D309-43F3-90BC-619EF9E6B1F1}.Debug|ARM64.ActiveCfg = Debug|Any CPU
		{0E6C8529-D309-43F3-90BC-619EF9E6B1F1}.Debug|ARM64.Build.0 = Debug|Any CPU
		{0E6C8529-D309-43F3-90BC-619EF9E6B1F1}.Debug|x64.ActiveCfg = Debug|Any CPU
		{0E6C8529-D309-43F3-90BC-619EF9E6B1F1}.Debug|x64.Build.0 = Debug|Any CPU
		{0E6C8529-D309-43F3-90BC-619EF9E6B1F1}.Debug|x86.ActiveCfg = Debug|Any CPU
		{0E6C8529-D309-43F3-90BC-619EF9E6B1F1}.Debug|x86.Build.0 = Debug|Any CPU
		{0E6C8529-D309-43F3-90BC-619EF9E6B1F1}.Release|Any CPU.ActiveCfg = Release|Any CPU
		{0E6C8529-D309-43F3-90BC-619EF9E6B1F1}.Release|Any CPU.Build.0 = Release|Any CPU
		{0E6C8529-D309-43F3-90BC-619EF9E6B1F1}.Release|ARM64.ActiveCfg = Release|Any CPU
		{0E6C8529-D309-43F3-90BC-619EF9E6B1F1}.Release|ARM64.Build.0 = Release|Any CPU
		{0E6C8529-D309-43F3-90BC-619EF9E6B1F1}.Release|x64.ActiveCfg = Release|Any CPU
		{0E6C8529-D309-43F3-90BC-619EF9E6B1F1}.Release|x64.Build.0 = Release|Any CPU
		{0E6C8529-D309-43F3-90BC-619EF9E6B1F1}.Release|x86.ActiveCfg = Release|Any CPU
		{0E6C8529-D309-43F3-90BC-619EF9E6B1F1}.Release|x86.Build.0 = Release|Any CPU
		{89C9BF70-D4AB-449F-8FB1-D2B5E17C25F0}.Debug|Any CPU.ActiveCfg = Debug|Any CPU
		{89C9BF70-D4AB-449F-8FB1-D2B5E17C25F0}.Debug|Any CPU.Build.0 = Debug|Any CPU
		{89C9BF70-D4AB-449F-8FB1-D2B5E17C25F0}.Debug|ARM64.ActiveCfg = Debug|Any CPU
		{89C9BF70-D4AB-449F-8FB1-D2B5E17C25F0}.Debug|ARM64.Build.0 = Debug|Any CPU
		{89C9BF70-D4AB-449F-8FB1-D2B5E17C25F0}.Debug|x64.ActiveCfg = Debug|Any CPU
		{89C9BF70-D4AB-449F-8FB1-D2B5E17C25F0}.Debug|x64.Build.0 = Debug|Any CPU
		{89C9BF70-D4AB-449F-8FB1-D2B5E17C25F0}.Debug|x86.ActiveCfg = Debug|Any CPU
		{89C9BF70-D4AB-449F-8FB1-D2B5E17C25F0}.Debug|x86.Build.0 = Debug|Any CPU
		{89C9BF70-D4AB-449F-8FB1-D2B5E17C25F0}.Release|Any CPU.ActiveCfg = Release|Any CPU
		{89C9BF70-D4AB-449F-8FB1-D2B5E17C25F0}.Release|Any CPU.Build.0 = Release|Any CPU
		{89C9BF70-D4AB-449F-8FB1-D2B5E17C25F0}.Release|ARM64.ActiveCfg = Release|Any CPU
		{89C9BF70-D4AB-449F-8FB1-D2B5E17C25F0}.Release|ARM64.Build.0 = Release|Any CPU
		{89C9BF70-D4AB-449F-8FB1-D2B5E17C25F0}.Release|x64.ActiveCfg = Release|Any CPU
		{89C9BF70-D4AB-449F-8FB1-D2B5E17C25F0}.Release|x64.Build.0 = Release|Any CPU
		{89C9BF70-D4AB-449F-8FB1-D2B5E17C25F0}.Release|x86.ActiveCfg = Release|Any CPU
		{89C9BF70-D4AB-449F-8FB1-D2B5E17C25F0}.Release|x86.Build.0 = Release|Any CPU
		{FE57E32C-1B3A-4303-A236-E7C49D11C0F1}.Debug|Any CPU.ActiveCfg = Debug|Any CPU
		{FE57E32C-1B3A-4303-A236-E7C49D11C0F1}.Debug|Any CPU.Build.0 = Debug|Any CPU
		{FE57E32C-1B3A-4303-A236-E7C49D11C0F1}.Debug|ARM64.ActiveCfg = Debug|Any CPU
		{FE57E32C-1B3A-4303-A236-E7C49D11C0F1}.Debug|ARM64.Build.0 = Debug|Any CPU
		{FE57E32C-1B3A-4303-A236-E7C49D11C0F1}.Debug|x64.ActiveCfg = Debug|Any CPU
		{FE57E32C-1B3A-4303-A236-E7C49D11C0F1}.Debug|x64.Build.0 = Debug|Any CPU
		{FE57E32C-1B3A-4303-A236-E7C49D11C0F1}.Debug|x86.ActiveCfg = Debug|Any CPU
		{FE57E32C-1B3A-4303-A236-E7C49D11C0F1}.Debug|x86.Build.0 = Debug|Any CPU
		{FE57E32C-1B3A-4303-A236-E7C49D11C0F1}.Release|Any CPU.ActiveCfg = Release|Any CPU
		{FE57E32C-1B3A-4303-A236-E7C49D11C0F1}.Release|Any CPU.Build.0 = Release|Any CPU
		{FE57E32C-1B3A-4303-A236-E7C49D11C0F1}.Release|ARM64.ActiveCfg = Release|Any CPU
		{FE57E32C-1B3A-4303-A236-E7C49D11C0F1}.Release|ARM64.Build.0 = Release|Any CPU
		{FE57E32C-1B3A-4303-A236-E7C49D11C0F1}.Release|x64.ActiveCfg = Release|Any CPU
		{FE57E32C-1B3A-4303-A236-E7C49D11C0F1}.Release|x64.Build.0 = Release|Any CPU
		{FE57E32C-1B3A-4303-A236-E7C49D11C0F1}.Release|x86.ActiveCfg = Release|Any CPU
		{FE57E32C-1B3A-4303-A236-E7C49D11C0F1}.Release|x86.Build.0 = Release|Any CPU
		{FDC6E8E4-1B6C-461F-A22B-4C4140BB0B51}.Debug|Any CPU.ActiveCfg = Debug|Any CPU
		{FDC6E8E4-1B6C-461F-A22B-4C4140BB0B51}.Debug|Any CPU.Build.0 = Debug|Any CPU
		{FDC6E8E4-1B6C-461F-A22B-4C4140BB0B51}.Debug|ARM64.ActiveCfg = Debug|Any CPU
		{FDC6E8E4-1B6C-461F-A22B-4C4140BB0B51}.Debug|ARM64.Build.0 = Debug|Any CPU
		{FDC6E8E4-1B6C-461F-A22B-4C4140BB0B51}.Debug|x64.ActiveCfg = Debug|Any CPU
		{FDC6E8E4-1B6C-461F-A22B-4C4140BB0B51}.Debug|x64.Build.0 = Debug|Any CPU
		{FDC6E8E4-1B6C-461F-A22B-4C4140BB0B51}.Debug|x86.ActiveCfg = Debug|Any CPU
		{FDC6E8E4-1B6C-461F-A22B-4C4140BB0B51}.Debug|x86.Build.0 = Debug|Any CPU
		{FDC6E8E4-1B6C-461F-A22B-4C4140BB0B51}.Release|Any CPU.ActiveCfg = Release|Any CPU
		{FDC6E8E4-1B6C-461F-A22B-4C4140BB0B51}.Release|Any CPU.Build.0 = Release|Any CPU
		{FDC6E8E4-1B6C-461F-A22B-4C4140BB0B51}.Release|ARM64.ActiveCfg = Release|Any CPU
		{FDC6E8E4-1B6C-461F-A22B-4C4140BB0B51}.Release|ARM64.Build.0 = Release|Any CPU
		{FDC6E8E4-1B6C-461F-A22B-4C4140BB0B51}.Release|x64.ActiveCfg = Release|Any CPU
		{FDC6E8E4-1B6C-461F-A22B-4C4140BB0B51}.Release|x64.Build.0 = Release|Any CPU
		{FDC6E8E4-1B6C-461F-A22B-4C4140BB0B51}.Release|x86.ActiveCfg = Release|Any CPU
		{FDC6E8E4-1B6C-461F-A22B-4C4140BB0B51}.Release|x86.Build.0 = Release|Any CPU
		{05A31A6F-3B54-4557-B7E1-88EDD2CAB76E}.Debug|Any CPU.ActiveCfg = Debug|Any CPU
		{05A31A6F-3B54-4557-B7E1-88EDD2CAB76E}.Debug|Any CPU.Build.0 = Debug|Any CPU
		{05A31A6F-3B54-4557-B7E1-88EDD2CAB76E}.Debug|ARM64.ActiveCfg = Debug|Any CPU
		{05A31A6F-3B54-4557-B7E1-88EDD2CAB76E}.Debug|ARM64.Build.0 = Debug|Any CPU
		{05A31A6F-3B54-4557-B7E1-88EDD2CAB76E}.Debug|x64.ActiveCfg = Debug|Any CPU
		{05A31A6F-3B54-4557-B7E1-88EDD2CAB76E}.Debug|x64.Build.0 = Debug|Any CPU
		{05A31A6F-3B54-4557-B7E1-88EDD2CAB76E}.Debug|x86.ActiveCfg = Debug|Any CPU
		{05A31A6F-3B54-4557-B7E1-88EDD2CAB76E}.Debug|x86.Build.0 = Debug|Any CPU
		{05A31A6F-3B54-4557-B7E1-88EDD2CAB76E}.Release|Any CPU.ActiveCfg = Release|Any CPU
		{05A31A6F-3B54-4557-B7E1-88EDD2CAB76E}.Release|Any CPU.Build.0 = Release|Any CPU
		{05A31A6F-3B54-4557-B7E1-88EDD2CAB76E}.Release|ARM64.ActiveCfg = Release|Any CPU
		{05A31A6F-3B54-4557-B7E1-88EDD2CAB76E}.Release|ARM64.Build.0 = Release|Any CPU
		{05A31A6F-3B54-4557-B7E1-88EDD2CAB76E}.Release|x64.ActiveCfg = Release|Any CPU
		{05A31A6F-3B54-4557-B7E1-88EDD2CAB76E}.Release|x64.Build.0 = Release|Any CPU
		{05A31A6F-3B54-4557-B7E1-88EDD2CAB76E}.Release|x86.ActiveCfg = Release|Any CPU
		{05A31A6F-3B54-4557-B7E1-88EDD2CAB76E}.Release|x86.Build.0 = Release|Any CPU
		{A6322E31-87FA-4B4A-B51A-6E4565DEF08F}.Debug|Any CPU.ActiveCfg = Debug|Any CPU
		{A6322E31-87FA-4B4A-B51A-6E4565DEF08F}.Debug|Any CPU.Build.0 = Debug|Any CPU
		{A6322E31-87FA-4B4A-B51A-6E4565DEF08F}.Debug|ARM64.ActiveCfg = Debug|Any CPU
		{A6322E31-87FA-4B4A-B51A-6E4565DEF08F}.Debug|ARM64.Build.0 = Debug|Any CPU
		{A6322E31-87FA-4B4A-B51A-6E4565DEF08F}.Debug|x64.ActiveCfg = Debug|Any CPU
		{A6322E31-87FA-4B4A-B51A-6E4565DEF08F}.Debug|x64.Build.0 = Debug|Any CPU
		{A6322E31-87FA-4B4A-B51A-6E4565DEF08F}.Debug|x86.ActiveCfg = Debug|Any CPU
		{A6322E31-87FA-4B4A-B51A-6E4565DEF08F}.Debug|x86.Build.0 = Debug|Any CPU
		{A6322E31-87FA-4B4A-B51A-6E4565DEF08F}.Release|Any CPU.ActiveCfg = Release|Any CPU
		{A6322E31-87FA-4B4A-B51A-6E4565DEF08F}.Release|Any CPU.Build.0 = Release|Any CPU
		{A6322E31-87FA-4B4A-B51A-6E4565DEF08F}.Release|ARM64.ActiveCfg = Release|Any CPU
		{A6322E31-87FA-4B4A-B51A-6E4565DEF08F}.Release|ARM64.Build.0 = Release|Any CPU
		{A6322E31-87FA-4B4A-B51A-6E4565DEF08F}.Release|x64.ActiveCfg = Release|Any CPU
		{A6322E31-87FA-4B4A-B51A-6E4565DEF08F}.Release|x64.Build.0 = Release|Any CPU
		{A6322E31-87FA-4B4A-B51A-6E4565DEF08F}.Release|x86.ActiveCfg = Release|Any CPU
		{A6322E31-87FA-4B4A-B51A-6E4565DEF08F}.Release|x86.Build.0 = Release|Any CPU
		{CF44F63A-B985-4140-A8CE-C79FB41DEE80}.Debug|Any CPU.ActiveCfg = Debug|Any CPU
		{CF44F63A-B985-4140-A8CE-C79FB41DEE80}.Debug|Any CPU.Build.0 = Debug|Any CPU
		{CF44F63A-B985-4140-A8CE-C79FB41DEE80}.Debug|ARM64.ActiveCfg = Debug|Any CPU
		{CF44F63A-B985-4140-A8CE-C79FB41DEE80}.Debug|ARM64.Build.0 = Debug|Any CPU
		{CF44F63A-B985-4140-A8CE-C79FB41DEE80}.Debug|x64.ActiveCfg = Debug|Any CPU
		{CF44F63A-B985-4140-A8CE-C79FB41DEE80}.Debug|x64.Build.0 = Debug|Any CPU
		{CF44F63A-B985-4140-A8CE-C79FB41DEE80}.Debug|x86.ActiveCfg = Debug|Any CPU
		{CF44F63A-B985-4140-A8CE-C79FB41DEE80}.Debug|x86.Build.0 = Debug|Any CPU
		{CF44F63A-B985-4140-A8CE-C79FB41DEE80}.Release|Any CPU.ActiveCfg = Release|Any CPU
		{CF44F63A-B985-4140-A8CE-C79FB41DEE80}.Release|Any CPU.Build.0 = Release|Any CPU
		{CF44F63A-B985-4140-A8CE-C79FB41DEE80}.Release|ARM64.ActiveCfg = Release|Any CPU
		{CF44F63A-B985-4140-A8CE-C79FB41DEE80}.Release|ARM64.Build.0 = Release|Any CPU
		{CF44F63A-B985-4140-A8CE-C79FB41DEE80}.Release|x64.ActiveCfg = Release|Any CPU
		{CF44F63A-B985-4140-A8CE-C79FB41DEE80}.Release|x64.Build.0 = Release|Any CPU
		{CF44F63A-B985-4140-A8CE-C79FB41DEE80}.Release|x86.ActiveCfg = Release|Any CPU
		{CF44F63A-B985-4140-A8CE-C79FB41DEE80}.Release|x86.Build.0 = Release|Any CPU
		{2BACDFDD-0944-41E3-94C2-6B7B6626C845}.Debug|Any CPU.ActiveCfg = Debug|Any CPU
		{2BACDFDD-0944-41E3-94C2-6B7B6626C845}.Debug|Any CPU.Build.0 = Debug|Any CPU
		{2BACDFDD-0944-41E3-94C2-6B7B6626C845}.Debug|ARM64.ActiveCfg = Debug|Any CPU
		{2BACDFDD-0944-41E3-94C2-6B7B6626C845}.Debug|ARM64.Build.0 = Debug|Any CPU
		{2BACDFDD-0944-41E3-94C2-6B7B6626C845}.Debug|x64.ActiveCfg = Debug|Any CPU
		{2BACDFDD-0944-41E3-94C2-6B7B6626C845}.Debug|x64.Build.0 = Debug|Any CPU
		{2BACDFDD-0944-41E3-94C2-6B7B6626C845}.Debug|x86.ActiveCfg = Debug|Any CPU
		{2BACDFDD-0944-41E3-94C2-6B7B6626C845}.Debug|x86.Build.0 = Debug|Any CPU
		{2BACDFDD-0944-41E3-94C2-6B7B6626C845}.Release|Any CPU.ActiveCfg = Release|Any CPU
		{2BACDFDD-0944-41E3-94C2-6B7B6626C845}.Release|Any CPU.Build.0 = Release|Any CPU
		{2BACDFDD-0944-41E3-94C2-6B7B6626C845}.Release|ARM64.ActiveCfg = Release|Any CPU
		{2BACDFDD-0944-41E3-94C2-6B7B6626C845}.Release|ARM64.Build.0 = Release|Any CPU
		{2BACDFDD-0944-41E3-94C2-6B7B6626C845}.Release|x64.ActiveCfg = Release|Any CPU
		{2BACDFDD-0944-41E3-94C2-6B7B6626C845}.Release|x64.Build.0 = Release|Any CPU
		{2BACDFDD-0944-41E3-94C2-6B7B6626C845}.Release|x86.ActiveCfg = Release|Any CPU
		{2BACDFDD-0944-41E3-94C2-6B7B6626C845}.Release|x86.Build.0 = Release|Any CPU
		{EF3FC306-C1CC-4E26-B49D-9E0E1FB9891E}.Debug|Any CPU.ActiveCfg = Debug|Any CPU
		{EF3FC306-C1CC-4E26-B49D-9E0E1FB9891E}.Debug|Any CPU.Build.0 = Debug|Any CPU
		{EF3FC306-C1CC-4E26-B49D-9E0E1FB9891E}.Debug|ARM64.ActiveCfg = Debug|Any CPU
		{EF3FC306-C1CC-4E26-B49D-9E0E1FB9891E}.Debug|ARM64.Build.0 = Debug|Any CPU
		{EF3FC306-C1CC-4E26-B49D-9E0E1FB9891E}.Debug|x64.ActiveCfg = Debug|Any CPU
		{EF3FC306-C1CC-4E26-B49D-9E0E1FB9891E}.Debug|x64.Build.0 = Debug|Any CPU
		{EF3FC306-C1CC-4E26-B49D-9E0E1FB9891E}.Debug|x86.ActiveCfg = Debug|Any CPU
		{EF3FC306-C1CC-4E26-B49D-9E0E1FB9891E}.Debug|x86.Build.0 = Debug|Any CPU
		{EF3FC306-C1CC-4E26-B49D-9E0E1FB9891E}.Release|Any CPU.ActiveCfg = Release|Any CPU
		{EF3FC306-C1CC-4E26-B49D-9E0E1FB9891E}.Release|Any CPU.Build.0 = Release|Any CPU
		{EF3FC306-C1CC-4E26-B49D-9E0E1FB9891E}.Release|ARM64.ActiveCfg = Release|Any CPU
		{EF3FC306-C1CC-4E26-B49D-9E0E1FB9891E}.Release|ARM64.Build.0 = Release|Any CPU
		{EF3FC306-C1CC-4E26-B49D-9E0E1FB9891E}.Release|x64.ActiveCfg = Release|Any CPU
		{EF3FC306-C1CC-4E26-B49D-9E0E1FB9891E}.Release|x64.Build.0 = Release|Any CPU
		{EF3FC306-C1CC-4E26-B49D-9E0E1FB9891E}.Release|x86.ActiveCfg = Release|Any CPU
		{EF3FC306-C1CC-4E26-B49D-9E0E1FB9891E}.Release|x86.Build.0 = Release|Any CPU
		{6B85590F-763A-472E-84B9-091D6F68D28D}.Debug|Any CPU.ActiveCfg = Debug|Any CPU
		{6B85590F-763A-472E-84B9-091D6F68D28D}.Debug|Any CPU.Build.0 = Debug|Any CPU
		{6B85590F-763A-472E-84B9-091D6F68D28D}.Debug|ARM64.ActiveCfg = Debug|Any CPU
		{6B85590F-763A-472E-84B9-091D6F68D28D}.Debug|ARM64.Build.0 = Debug|Any CPU
		{6B85590F-763A-472E-84B9-091D6F68D28D}.Debug|x64.ActiveCfg = Debug|Any CPU
		{6B85590F-763A-472E-84B9-091D6F68D28D}.Debug|x64.Build.0 = Debug|Any CPU
		{6B85590F-763A-472E-84B9-091D6F68D28D}.Debug|x86.ActiveCfg = Debug|Any CPU
		{6B85590F-763A-472E-84B9-091D6F68D28D}.Debug|x86.Build.0 = Debug|Any CPU
		{6B85590F-763A-472E-84B9-091D6F68D28D}.Release|Any CPU.ActiveCfg = Release|Any CPU
		{6B85590F-763A-472E-84B9-091D6F68D28D}.Release|Any CPU.Build.0 = Release|Any CPU
		{6B85590F-763A-472E-84B9-091D6F68D28D}.Release|ARM64.ActiveCfg = Release|Any CPU
		{6B85590F-763A-472E-84B9-091D6F68D28D}.Release|ARM64.Build.0 = Release|Any CPU
		{6B85590F-763A-472E-84B9-091D6F68D28D}.Release|x64.ActiveCfg = Release|Any CPU
		{6B85590F-763A-472E-84B9-091D6F68D28D}.Release|x64.Build.0 = Release|Any CPU
		{6B85590F-763A-472E-84B9-091D6F68D28D}.Release|x86.ActiveCfg = Release|Any CPU
		{6B85590F-763A-472E-84B9-091D6F68D28D}.Release|x86.Build.0 = Release|Any CPU
		{BFCCE248-E8A1-4690-A4A0-B42DB06B7B88}.Debug|Any CPU.ActiveCfg = Debug|Any CPU
		{BFCCE248-E8A1-4690-A4A0-B42DB06B7B88}.Debug|Any CPU.Build.0 = Debug|Any CPU
		{BFCCE248-E8A1-4690-A4A0-B42DB06B7B88}.Debug|ARM64.ActiveCfg = Debug|Any CPU
		{BFCCE248-E8A1-4690-A4A0-B42DB06B7B88}.Debug|ARM64.Build.0 = Debug|Any CPU
		{BFCCE248-E8A1-4690-A4A0-B42DB06B7B88}.Debug|x64.ActiveCfg = Debug|x64
		{BFCCE248-E8A1-4690-A4A0-B42DB06B7B88}.Debug|x64.Build.0 = Debug|x64
		{BFCCE248-E8A1-4690-A4A0-B42DB06B7B88}.Debug|x86.ActiveCfg = Debug|Any CPU
		{BFCCE248-E8A1-4690-A4A0-B42DB06B7B88}.Debug|x86.Build.0 = Debug|Any CPU
		{BFCCE248-E8A1-4690-A4A0-B42DB06B7B88}.Release|Any CPU.ActiveCfg = Release|Any CPU
		{BFCCE248-E8A1-4690-A4A0-B42DB06B7B88}.Release|Any CPU.Build.0 = Release|Any CPU
		{BFCCE248-E8A1-4690-A4A0-B42DB06B7B88}.Release|ARM64.ActiveCfg = Release|Any CPU
		{BFCCE248-E8A1-4690-A4A0-B42DB06B7B88}.Release|ARM64.Build.0 = Release|Any CPU
		{BFCCE248-E8A1-4690-A4A0-B42DB06B7B88}.Release|x64.ActiveCfg = Release|x64
		{BFCCE248-E8A1-4690-A4A0-B42DB06B7B88}.Release|x64.Build.0 = Release|x64
		{BFCCE248-E8A1-4690-A4A0-B42DB06B7B88}.Release|x86.ActiveCfg = Release|Any CPU
		{BFCCE248-E8A1-4690-A4A0-B42DB06B7B88}.Release|x86.Build.0 = Release|Any CPU
		{41784BA1-16E0-4BB8-BC99-0C5AA4F1DEEA}.Debug|Any CPU.ActiveCfg = Debug|Any CPU
		{41784BA1-16E0-4BB8-BC99-0C5AA4F1DEEA}.Debug|Any CPU.Build.0 = Debug|Any CPU
		{41784BA1-16E0-4BB8-BC99-0C5AA4F1DEEA}.Debug|ARM64.ActiveCfg = Debug|Any CPU
		{41784BA1-16E0-4BB8-BC99-0C5AA4F1DEEA}.Debug|ARM64.Build.0 = Debug|Any CPU
		{41784BA1-16E0-4BB8-BC99-0C5AA4F1DEEA}.Debug|x64.ActiveCfg = Debug|x64
		{41784BA1-16E0-4BB8-BC99-0C5AA4F1DEEA}.Debug|x64.Build.0 = Debug|x64
		{41784BA1-16E0-4BB8-BC99-0C5AA4F1DEEA}.Debug|x86.ActiveCfg = Debug|x86
		{41784BA1-16E0-4BB8-BC99-0C5AA4F1DEEA}.Debug|x86.Build.0 = Debug|x86
		{41784BA1-16E0-4BB8-BC99-0C5AA4F1DEEA}.Release|Any CPU.ActiveCfg = Release|Any CPU
		{41784BA1-16E0-4BB8-BC99-0C5AA4F1DEEA}.Release|Any CPU.Build.0 = Release|Any CPU
		{41784BA1-16E0-4BB8-BC99-0C5AA4F1DEEA}.Release|ARM64.ActiveCfg = Release|Any CPU
		{41784BA1-16E0-4BB8-BC99-0C5AA4F1DEEA}.Release|ARM64.Build.0 = Release|Any CPU
		{41784BA1-16E0-4BB8-BC99-0C5AA4F1DEEA}.Release|x64.ActiveCfg = Release|x64
		{41784BA1-16E0-4BB8-BC99-0C5AA4F1DEEA}.Release|x64.Build.0 = Release|x64
		{41784BA1-16E0-4BB8-BC99-0C5AA4F1DEEA}.Release|x86.ActiveCfg = Release|x86
		{41784BA1-16E0-4BB8-BC99-0C5AA4F1DEEA}.Release|x86.Build.0 = Release|x86
		{9CEE90E0-359F-49B4-AD3C-AB3D698D4CB0}.Debug|Any CPU.ActiveCfg = Debug|Any CPU
		{9CEE90E0-359F-49B4-AD3C-AB3D698D4CB0}.Debug|Any CPU.Build.0 = Debug|Any CPU
		{9CEE90E0-359F-49B4-AD3C-AB3D698D4CB0}.Debug|ARM64.ActiveCfg = Debug|Any CPU
		{9CEE90E0-359F-49B4-AD3C-AB3D698D4CB0}.Debug|ARM64.Build.0 = Debug|Any CPU
		{9CEE90E0-359F-49B4-AD3C-AB3D698D4CB0}.Debug|x64.ActiveCfg = Debug|Any CPU
		{9CEE90E0-359F-49B4-AD3C-AB3D698D4CB0}.Debug|x64.Build.0 = Debug|Any CPU
		{9CEE90E0-359F-49B4-AD3C-AB3D698D4CB0}.Debug|x86.ActiveCfg = Debug|Any CPU
		{9CEE90E0-359F-49B4-AD3C-AB3D698D4CB0}.Debug|x86.Build.0 = Debug|Any CPU
		{9CEE90E0-359F-49B4-AD3C-AB3D698D4CB0}.Release|Any CPU.ActiveCfg = Release|Any CPU
		{9CEE90E0-359F-49B4-AD3C-AB3D698D4CB0}.Release|Any CPU.Build.0 = Release|Any CPU
		{9CEE90E0-359F-49B4-AD3C-AB3D698D4CB0}.Release|ARM64.ActiveCfg = Release|Any CPU
		{9CEE90E0-359F-49B4-AD3C-AB3D698D4CB0}.Release|ARM64.Build.0 = Release|Any CPU
		{9CEE90E0-359F-49B4-AD3C-AB3D698D4CB0}.Release|x64.ActiveCfg = Release|Any CPU
		{9CEE90E0-359F-49B4-AD3C-AB3D698D4CB0}.Release|x64.Build.0 = Release|Any CPU
		{9CEE90E0-359F-49B4-AD3C-AB3D698D4CB0}.Release|x86.ActiveCfg = Release|Any CPU
		{9CEE90E0-359F-49B4-AD3C-AB3D698D4CB0}.Release|x86.Build.0 = Release|Any CPU
	EndGlobalSection
	GlobalSection(SolutionProperties) = preSolution
		HideSolutionNode = FALSE
	EndGlobalSection
	GlobalSection(NestedProjects) = preSolution
		{85AE2A7B-E780-4741-9BE5-FB22F37D7E21} = {53D93485-1520-4753-81CE-DA1CFF334372}
		{BCD7009B-3ACA-4FD4-8C64-70DCD2E39D4F} = {53D93485-1520-4753-81CE-DA1CFF334372}
		{0E6C8529-D309-43F3-90BC-619EF9E6B1F1} = {9933B251-881A-4638-8995-EB7CC5370002}
		{5BB51AE6-908C-4D20-BB3A-4815E9BC5D19} = {53D93485-1520-4753-81CE-DA1CFF334372}
		{89C9BF70-D4AB-449F-8FB1-D2B5E17C25F0} = {5BB51AE6-908C-4D20-BB3A-4815E9BC5D19}
		{FE57E32C-1B3A-4303-A236-E7C49D11C0F1} = {5BB51AE6-908C-4D20-BB3A-4815E9BC5D19}
		{FDC6E8E4-1B6C-461F-A22B-4C4140BB0B51} = {5BB51AE6-908C-4D20-BB3A-4815E9BC5D19}
		{05A31A6F-3B54-4557-B7E1-88EDD2CAB76E} = {5BB51AE6-908C-4D20-BB3A-4815E9BC5D19}
		{A6322E31-87FA-4B4A-B51A-6E4565DEF08F} = {5BB51AE6-908C-4D20-BB3A-4815E9BC5D19}
		{CF44F63A-B985-4140-A8CE-C79FB41DEE80} = {53D93485-1520-4753-81CE-DA1CFF334372}
		{2F651C37-C3A7-41FF-8A36-0A7DB0DED09D} = {02EA681E-C7D8-13C7-8484-4AC65E1B71E8}
		{6B85590F-763A-472E-84B9-091D6F68D28D} = {9933B251-881A-4638-8995-EB7CC5370002}
		{BFCCE248-E8A1-4690-A4A0-B42DB06B7B88} = {53D93485-1520-4753-81CE-DA1CFF334372}
		{5FCC5684-9471-46B6-9FE2-431880831A05} = {02EA681E-C7D8-13C7-8484-4AC65E1B71E8}
		{41784BA1-16E0-4BB8-BC99-0C5AA4F1DEEA} = {53D93485-1520-4753-81CE-DA1CFF334372}
		{9CEE90E0-359F-49B4-AD3C-AB3D698D4CB0} = {53D93485-1520-4753-81CE-DA1CFF334372}
	EndGlobalSection
	GlobalSection(ExtensibilityGlobals) = postSolution
		SolutionGuid = {83CB65B8-011F-4ED7-BCD3-A6CFA935EF7E}
	EndGlobalSection
EndGlobal
