
Microsoft Visual Studio Solution File, Format Version 12.00
# Visual Studio Version 17
VisualStudioVersion = 17.3.32811.315
MinimumVisualStudioVersion = 10.0.40219.1
Project("{9A19103F-16F7-4668-BE54-9A1E7A4F7556}") = "Everywhere", "src\Everywhere\Everywhere.csproj", "{EBFA8512-1EA5-4D8C-B4AC-AB5B48A6D568}"
EndProject
Project("{9A19103F-16F7-4668-BE54-9A1E7A4F7556}") = "Everywhere.Windows", "src\Everywhere.Windows\Everywhere.Windows.csproj", "{ABC31E74-02FF-46EB-B3B2-4E6AE43B456C}"
EndProject
Project("{2150E333-8FDC-42A3-9474-1A3956D46DE8}") = "Solution Items", "Solution Items", "{3DA99C4E-89E3-4049-9C22-0A7EC60D83D8}"
	ProjectSection(SolutionItems) = preProject
		Directory.Packages.props = Directory.Packages.props
		src\Directory.Build.props = Directory.Build.props
		src\TextService.proto = src\TextService.proto
		.gitignore = .gitignore
		README.md = README.md
		README-zh-cn.md = README-zh-cn.md
		.editorconfig = .editorconfig
		.gitmodules = .gitmodules
		Settings.XamlStyler = Settings.XamlStyler
		tools\build_vcproj.ps1 = tools\build_vcproj.ps1
	EndProjectSection
EndProject
Project("{2150E333-8FDC-42A3-9474-1A3956D46DE8}") = "3rd", "3rd", "{53D93485-1520-4753-81CE-DA1CFF334372}"
	ProjectSection(SolutionItems) = preProject
		.editorconfig = .editorconfig
	EndProjectSection
EndProject
Project("{8BC9CEB8-8B4A-11D0-8D11-00A0C91BC942}") = "Everywhere.Windows.TextService", "src\Everywhere.Windows.TextService\Everywhere.Windows.TextService.vcxproj", "{D5F1DA2F-CE8F-4F35-A2C2-6DC5378211DF}"
EndProject
Project("{FAE04EC0-301F-11D3-BF4B-00C04F79EFBC}") = "Everywhere.I18N.SourceGenerator", "src\Everywhere.I18N.SourceGenerator\Everywhere.I18N.SourceGenerator.csproj", "{A68C1BEB-0FC2-4A47-BFEB-E96BB14A9913}"
EndProject
Project("{FAE04EC0-301F-11D3-BF4B-00C04F79EFBC}") = "WritableJsonConfiguration", "3rd\WritableJsonConfiguration\src\WritableJsonConfiguration\WritableJsonConfiguration.csproj", "{85AE2A7B-E780-4741-9BE5-FB22F37D7E21}"
EndProject
Project("{FAE04EC0-301F-11D3-BF4B-00C04F79EFBC}") = "ShadUI", "3rd\shad-ui\src\ShadUI\ShadUI.csproj", "{BCD7009B-3ACA-4FD4-8C64-70DCD2E39D4F}"
EndProject
Project("{8BC9CEB8-8B4A-11D0-8D11-00A0C91BC942}") = "Everywhere.Windows.InteropHelper", "src\Everywhere.Windows.InteropHelper\Everywhere.Windows.InteropHelper.vcxproj", "{C53E2EB6-688B-467B-96BB-1749E8E9A72E}"
EndProject
Project("{2150E333-8FDC-42A3-9474-1A3956D46DE8}") = "tests", "tests", "{9933B251-881A-4638-8995-EB7CC5370002}"
EndProject
Project("{FAE04EC0-301F-11D3-BF4B-00C04F79EFBC}") = "Everywhere.Tests", "tests\Everywhere.Tests\Everywhere.Tests.csproj", "{0E6C8529-D309-43F3-90BC-619EF9E6B1F1}"
EndProject
Project("{FAE04EC0-301F-11D3-BF4B-00C04F79EFBC}") = "Everywhere.Benchmarks", "tests\Everywhere.Benchmarks\Everywhere.Benchmarks.csproj", "{580B1B77-B78D-46B6-8F5D-1958C9568BF5}"
EndProject
Project("{2150E333-8FDC-42A3-9474-1A3956D46DE8}") = "MessagePack", "MessagePack", "{5BB51AE6-908C-4D20-BB3A-4815E9BC5D19}"
EndProject
Project("{FAE04EC0-301F-11D3-BF4B-00C04F79EFBC}") = "MessagePack", "3rd\MessagePack-CSharp\src\MessagePack\MessagePack.csproj", "{89C9BF70-D4AB-449F-8FB1-D2B5E17C25F0}"
EndProject
Project("{FAE04EC0-301F-11D3-BF4B-00C04F79EFBC}") = "MessagePack.Analyzers", "3rd\MessagePack-CSharp\src\MessagePack.Analyzers\MessagePack.Analyzers.csproj", "{FE57E32C-1B3A-4303-A236-E7C49D11C0F1}"
EndProject
Project("{FAE04EC0-301F-11D3-BF4B-00C04F79EFBC}") = "MessagePack.Annotations", "3rd\MessagePack-CSharp\src\MessagePack.Annotations\MessagePack.Annotations.csproj", "{FDC6E8E4-1B6C-461F-A22B-4C4140BB0B51}"
EndProject
Project("{FAE04EC0-301F-11D3-BF4B-00C04F79EFBC}") = "MessagePack.Analyzers.CodeFixes", "3rd\MessagePack-CSharp\src\MessagePack.Analyzers.CodeFixes\MessagePack.Analyzers.CodeFixes.csproj", "{05A31A6F-3B54-4557-B7E1-88EDD2CAB76E}"
EndProject
Project("{FAE04EC0-301F-11D3-BF4B-00C04F79EFBC}") = "MessagePack.SourceGenerator", "3rd\MessagePack-CSharp\src\MessagePack.SourceGenerator\MessagePack.SourceGenerator.csproj", "{A6322E31-87FA-4B4A-B51A-6E4565DEF08F}"
EndProject
Project("{FAE04EC0-301F-11D3-BF4B-00C04F79EFBC}") = "LiveMarkdown.Avalonia", "3rd\LiveMarkdown.Avalonia\src\LiveMarkdown.Avalonia\LiveMarkdown.Avalonia.csproj", "{CF44F63A-B985-4140-A8CE-C79FB41DEE80}"
EndProject
Global
	GlobalSection(SolutionConfigurationPlatforms) = preSolution
		Debug|Any CPU = Debug|Any CPU
		Release|Any CPU = Release|Any CPU
	EndGlobalSection
	GlobalSection(ProjectConfigurationPlatforms) = postSolution
		{EBFA8512-1EA5-4D8C-B4AC-AB5B48A6D568}.Debug|Any CPU.ActiveCfg = Debug|Any CPU
		{EBFA8512-1EA5-4D8C-B4AC-AB5B48A6D568}.Debug|Any CPU.Build.0 = Debug|Any CPU
		{EBFA8512-1EA5-4D8C-B4AC-AB5B48A6D568}.Release|Any CPU.ActiveCfg = Release|Any CPU
		{EBFA8512-1EA5-4D8C-B4AC-AB5B48A6D568}.Release|Any CPU.Build.0 = Release|Any CPU
		{ABC31E74-02FF-46EB-B3B2-4E6AE43B456C}.Debug|Any CPU.ActiveCfg = Debug|Any CPU
		{ABC31E74-02FF-46EB-B3B2-4E6AE43B456C}.Debug|Any CPU.Build.0 = Debug|Any CPU
		{ABC31E74-02FF-46EB-B3B2-4E6AE43B456C}.Release|Any CPU.ActiveCfg = Release|Any CPU
		{ABC31E74-02FF-46EB-B3B2-4E6AE43B456C}.Release|Any CPU.Build.0 = Release|Any CPU
		{D5F1DA2F-CE8F-4F35-A2C2-6DC5378211DF}.Debug|Any CPU.ActiveCfg = Debug|x64
		{D5F1DA2F-CE8F-4F35-A2C2-6DC5378211DF}.Debug|Any CPU.Build.0 = Debug|x64
		{D5F1DA2F-CE8F-4F35-A2C2-6DC5378211DF}.Release|Any CPU.ActiveCfg = Release|x64
		{D5F1DA2F-CE8F-4F35-A2C2-6DC5378211DF}.Release|Any CPU.Build.0 = Release|x64
		{A68C1BEB-0FC2-4A47-BFEB-E96BB14A9913}.Debug|Any CPU.ActiveCfg = Debug|Any CPU
		{A68C1BEB-0FC2-4A47-BFEB-E96BB14A9913}.Debug|Any CPU.Build.0 = Debug|Any CPU
		{A68C1BEB-0FC2-4A47-BFEB-E96BB14A9913}.Release|Any CPU.ActiveCfg = Release|Any CPU
		{A68C1BEB-0FC2-4A47-BFEB-E96BB14A9913}.Release|Any CPU.Build.0 = Release|Any CPU
		{85AE2A7B-E780-4741-9BE5-FB22F37D7E21}.Debug|Any CPU.ActiveCfg = Debug|Any CPU
		{85AE2A7B-E780-4741-9BE5-FB22F37D7E21}.Debug|Any CPU.Build.0 = Debug|Any CPU
		{85AE2A7B-E780-4741-9BE5-FB22F37D7E21}.Release|Any CPU.ActiveCfg = Release|Any CPU
		{85AE2A7B-E780-4741-9BE5-FB22F37D7E21}.Release|Any CPU.Build.0 = Release|Any CPU
		{BCD7009B-3ACA-4FD4-8C64-70DCD2E39D4F}.Debug|Any CPU.ActiveCfg = Debug|Any CPU
		{BCD7009B-3ACA-4FD4-8C64-70DCD2E39D4F}.Debug|Any CPU.Build.0 = Debug|Any CPU
		{BCD7009B-3ACA-4FD4-8C64-70DCD2E39D4F}.Release|Any CPU.ActiveCfg = Release|Any CPU
		{BCD7009B-3ACA-4FD4-8C64-70DCD2E39D4F}.Release|Any CPU.Build.0 = Release|Any CPU
		{C53E2EB6-688B-467B-96BB-1749E8E9A72E}.Debug|Any CPU.ActiveCfg = Debug|x64
		{C53E2EB6-688B-467B-96BB-1749E8E9A72E}.Debug|Any CPU.Build.0 = Debug|x64
		{C53E2EB6-688B-467B-96BB-1749E8E9A72E}.Release|Any CPU.ActiveCfg = Release|x64
		{C53E2EB6-688B-467B-96BB-1749E8E9A72E}.Release|Any CPU.Build.0 = Release|x64
		{0E6C8529-D309-43F3-90BC-619EF9E6B1F1}.Debug|Any CPU.ActiveCfg = Debug|Any CPU
		{0E6C8529-D309-43F3-90BC-619EF9E6B1F1}.Debug|Any CPU.Build.0 = Debug|Any CPU
		{0E6C8529-D309-43F3-90BC-619EF9E6B1F1}.Release|Any CPU.ActiveCfg = Release|Any CPU
		{0E6C8529-D309-43F3-90BC-619EF9E6B1F1}.Release|Any CPU.Build.0 = Release|Any CPU
		{580B1B77-B78D-46B6-8F5D-1958C9568BF5}.Debug|Any CPU.ActiveCfg = Debug|Any CPU
		{580B1B77-B78D-46B6-8F5D-1958C9568BF5}.Debug|Any CPU.Build.0 = Debug|Any CPU
		{580B1B77-B78D-46B6-8F5D-1958C9568BF5}.Release|Any CPU.ActiveCfg = Release|Any CPU
		{580B1B77-B78D-46B6-8F5D-1958C9568BF5}.Release|Any CPU.Build.0 = Release|Any CPU
		{89C9BF70-D4AB-449F-8FB1-D2B5E17C25F0}.Debug|Any CPU.ActiveCfg = Debug|Any CPU
		{89C9BF70-D4AB-449F-8FB1-D2B5E17C25F0}.Debug|Any CPU.Build.0 = Debug|Any CPU
		{89C9BF70-D4AB-449F-8FB1-D2B5E17C25F0}.Release|Any CPU.ActiveCfg = Release|Any CPU
		{89C9BF70-D4AB-449F-8FB1-D2B5E17C25F0}.Release|Any CPU.Build.0 = Release|Any CPU
		{FE57E32C-1B3A-4303-A236-E7C49D11C0F1}.Debug|Any CPU.ActiveCfg = Debug|Any CPU
		{FE57E32C-1B3A-4303-A236-E7C49D11C0F1}.Debug|Any CPU.Build.0 = Debug|Any CPU
		{FE57E32C-1B3A-4303-A236-E7C49D11C0F1}.Release|Any CPU.ActiveCfg = Release|Any CPU
		{FE57E32C-1B3A-4303-A236-E7C49D11C0F1}.Release|Any CPU.Build.0 = Release|Any CPU
		{FDC6E8E4-1B6C-461F-A22B-4C4140BB0B51}.Debug|Any CPU.ActiveCfg = Debug|Any CPU
		{FDC6E8E4-1B6C-461F-A22B-4C4140BB0B51}.Debug|Any CPU.Build.0 = Debug|Any CPU
		{FDC6E8E4-1B6C-461F-A22B-4C4140BB0B51}.Release|Any CPU.ActiveCfg = Release|Any CPU
		{FDC6E8E4-1B6C-461F-A22B-4C4140BB0B51}.Release|Any CPU.Build.0 = Release|Any CPU
		{05A31A6F-3B54-4557-B7E1-88EDD2CAB76E}.Debug|Any CPU.ActiveCfg = Debug|Any CPU
		{05A31A6F-3B54-4557-B7E1-88EDD2CAB76E}.Debug|Any CPU.Build.0 = Debug|Any CPU
		{05A31A6F-3B54-4557-B7E1-88EDD2CAB76E}.Release|Any CPU.ActiveCfg = Release|Any CPU
		{05A31A6F-3B54-4557-B7E1-88EDD2CAB76E}.Release|Any CPU.Build.0 = Release|Any CPU
		{A6322E31-87FA-4B4A-B51A-6E4565DEF08F}.Debug|Any CPU.ActiveCfg = Debug|Any CPU
		{A6322E31-87FA-4B4A-B51A-6E4565DEF08F}.Debug|Any CPU.Build.0 = Debug|Any CPU
		{A6322E31-87FA-4B4A-B51A-6E4565DEF08F}.Release|Any CPU.ActiveCfg = Release|Any CPU
		{A6322E31-87FA-4B4A-B51A-6E4565DEF08F}.Release|Any CPU.Build.0 = Release|Any CPU
		{CF44F63A-B985-4140-A8CE-C79FB41DEE80}.Debug|Any CPU.ActiveCfg = Debug|Any CPU
		{CF44F63A-B985-4140-A8CE-C79FB41DEE80}.Debug|Any CPU.Build.0 = Debug|Any CPU
		{CF44F63A-B985-4140-A8CE-C79FB41DEE80}.Release|Any CPU.ActiveCfg = Release|Any CPU
		{CF44F63A-B985-4140-A8CE-C79FB41DEE80}.Release|Any CPU.Build.0 = Release|Any CPU
	EndGlobalSection
	GlobalSection(SolutionProperties) = preSolution
		HideSolutionNode = FALSE
	EndGlobalSection
	GlobalSection(ExtensibilityGlobals) = postSolution
		SolutionGuid = {83CB65B8-011F-4ED7-BCD3-A6CFA935EF7E}
	EndGlobalSection
	GlobalSection(NestedProjects) = preSolution
		{85AE2A7B-E780-4741-9BE5-FB22F37D7E21} = {53D93485-1520-4753-81CE-DA1CFF334372}
		{BCD7009B-3ACA-4FD4-8C64-70DCD2E39D4F} = {53D93485-1520-4753-81CE-DA1CFF334372}
		{0E6C8529-D309-43F3-90BC-619EF9E6B1F1} = {9933B251-881A-4638-8995-EB7CC5370002}
		{580B1B77-B78D-46B6-8F5D-1958C9568BF5} = {9933B251-881A-4638-8995-EB7CC5370002}
		{5BB51AE6-908C-4D20-BB3A-4815E9BC5D19} = {53D93485-1520-4753-81CE-DA1CFF334372}
		{89C9BF70-D4AB-449F-8FB1-D2B5E17C25F0} = {5BB51AE6-908C-4D20-BB3A-4815E9BC5D19}
		{FE57E32C-1B3A-4303-A236-E7C49D11C0F1} = {5BB51AE6-908C-4D20-BB3A-4815E9BC5D19}
		{FDC6E8E4-1B6C-461F-A22B-4C4140BB0B51} = {5BB51AE6-908C-4D20-BB3A-4815E9BC5D19}
		{05A31A6F-3B54-4557-B7E1-88EDD2CAB76E} = {5BB51AE6-908C-4D20-BB3A-4815E9BC5D19}
		{A6322E31-87FA-4B4A-B51A-6E4565DEF08F} = {5BB51AE6-908C-4D20-BB3A-4815E9BC5D19}
		{CF44F63A-B985-4140-A8CE-C79FB41DEE80} = {53D93485-1520-4753-81CE-DA1CFF334372}
	EndGlobalSection
EndGlobal
